// !$*UTF8*$!
{
	archiveVersion = 1;
	classes = {
	};
	objectVersion = 50;
	objects = {

/* Begin PBXBuildFile section */
		AA607F3323FF96C100A5C15D /* AppDelegate.swift in Sources */ = {isa = PBXBuildFile; fileRef = AA607F3223FF96C100A5C15D /* AppDelegate.swift */; };
		AA607F3523FF96C100A5C15D /* ViewController.swift in Sources */ = {isa = PBXBuildFile; fileRef = AA607F3423FF96C100A5C15D /* ViewController.swift */; };
		AA607F3823FF96C100A5C15D /* Main.storyboard in Resources */ = {isa = PBXBuildFile; fileRef = AA607F3623FF96C100A5C15D /* Main.storyboard */; };
		AA607F3A23FF96C300A5C15D /* Assets.xcassets in Resources */ = {isa = PBXBuildFile; fileRef = AA607F3923FF96C300A5C15D /* Assets.xcassets */; };
		AA607F3D23FF96C300A5C15D /* LaunchScreen.storyboard in Resources */ = {isa = PBXBuildFile; fileRef = AA607F3B23FF96C300A5C15D /* LaunchScreen.storyboard */; };
		AA607F4823FF96C300A5C15D /* flixsterTests.swift in Sources */ = {isa = PBXBuildFile; fileRef = AA607F4723FF96C300A5C15D /* flixsterTests.swift */; };
		AA607F5323FF96C400A5C15D /* flixsterUITests.swift in Sources */ = {isa = PBXBuildFile; fileRef = AA607F5223FF96C400A5C15D /* flixsterUITests.swift */; };
/* End PBXBuildFile section */

/* Begin PBXContainerItemProxy section */
		AA607F4423FF96C300A5C15D /* PBXContainerItemProxy */ = {
			isa = PBXContainerItemProxy;
			containerPortal = AA607F2723FF96C100A5C15D /* Project object */;
			proxyType = 1;
			remoteGlobalIDString = AA607F2E23FF96C100A5C15D;
			remoteInfo = flixster;
		};
		AA607F4F23FF96C400A5C15D /* PBXContainerItemProxy */ = {
			isa = PBXContainerItemProxy;
			containerPortal = AA607F2723FF96C100A5C15D /* Project object */;
			proxyType = 1;
			remoteGlobalIDString = AA607F2E23FF96C100A5C15D;
			remoteInfo = flixster;
		};
/* End PBXContainerItemProxy section */

/* Begin PBXFileReference section */
		AA607F2F23FF96C100A5C15D /* flixster.app */ = {isa = PBXFileReference; explicitFileType = wrapper.application; includeInIndex = 0; path = flixster.app; sourceTree = BUILT_PRODUCTS_DIR; };
		AA607F3223FF96C100A5C15D /* AppDelegate.swift */ = {isa = PBXFileReference; lastKnownFileType = sourcecode.swift; path = AppDelegate.swift; sourceTree = "<group>"; };
		AA607F3423FF96C100A5C15D /* ViewController.swift */ = {isa = PBXFileReference; lastKnownFileType = sourcecode.swift; path = ViewController.swift; sourceTree = "<group>"; };
		AA607F3723FF96C100A5C15D /* Base */ = {isa = PBXFileReference; lastKnownFileType = file.storyboard; name = Base; path = Base.lproj/Main.storyboard; sourceTree = "<group>"; };
		AA607F3923FF96C300A5C15D /* Assets.xcassets */ = {isa = PBXFileReference; lastKnownFileType = folder.assetcatalog; path = Assets.xcassets; sourceTree = "<group>"; };
		AA607F3C23FF96C300A5C15D /* Base */ = {isa = PBXFileReference; lastKnownFileType = file.storyboard; name = Base; path = Base.lproj/LaunchScreen.storyboard; sourceTree = "<group>"; };
		AA607F3E23FF96C300A5C15D /* Info.plist */ = {isa = PBXFileReference; lastKnownFileType = text.plist.xml; path = Info.plist; sourceTree = "<group>"; };
		AA607F4323FF96C300A5C15D /* flixsterTests.xctest */ = {isa = PBXFileReference; explicitFileType = wrapper.cfbundle; includeInIndex = 0; path = flixsterTests.xctest; sourceTree = BUILT_PRODUCTS_DIR; };
		AA607F4723FF96C300A5C15D /* flixsterTests.swift */ = {isa = PBXFileReference; lastKnownFileType = sourcecode.swift; path = flixsterTests.swift; sourceTree = "<group>"; };
		AA607F4923FF96C300A5C15D /* Info.plist */ = {isa = PBXFileReference; lastKnownFileType = text.plist.xml; path = Info.plist; sourceTree = "<group>"; };
		AA607F4E23FF96C400A5C15D /* flixsterUITests.xctest */ = {isa = PBXFileReference; explicitFileType = wrapper.cfbundle; includeInIndex = 0; path = flixsterUITests.xctest; sourceTree = BUILT_PRODUCTS_DIR; };
		AA607F5223FF96C400A5C15D /* flixsterUITests.swift */ = {isa = PBXFileReference; lastKnownFileType = sourcecode.swift; path = flixsterUITests.swift; sourceTree = "<group>"; };
		AA607F5423FF96C400A5C15D /* Info.plist */ = {isa = PBXFileReference; lastKnownFileType = text.plist.xml; path = Info.plist; sourceTree = "<group>"; };
/* End PBXFileReference section */

/* Begin PBXFrameworksBuildPhase section */
		AA607F2C23FF96C100A5C15D /* Frameworks */ = {
			isa = PBXFrameworksBuildPhase;
			buildActionMask = 2147483647;
			files = (
			);
			runOnlyForDeploymentPostprocessing = 0;
		};
		AA607F4023FF96C300A5C15D /* Frameworks */ = {
			isa = PBXFrameworksBuildPhase;
			buildActionMask = 2147483647;
			files = (
			);
			runOnlyForDeploymentPostprocessing = 0;
		};
		AA607F4B23FF96C400A5C15D /* Frameworks */ = {
			isa = PBXFrameworksBuildPhase;
			buildActionMask = 2147483647;
			files = (
			);
			runOnlyForDeploymentPostprocessing = 0;
		};
/* End PBXFrameworksBuildPhase section */

/* Begin PBXGroup section */
		AA607F2623FF96C100A5C15D = {
			isa = PBXGroup;
			children = (
				AA607F3123FF96C100A5C15D /* flixster */,
				AA607F4623FF96C300A5C15D /* flixsterTests */,
				AA607F5123FF96C400A5C15D /* flixsterUITests */,
				AA607F3023FF96C100A5C15D /* Products */,
			);
			sourceTree = "<group>";
		};
		AA607F3023FF96C100A5C15D /* Products */ = {
			isa = PBXGroup;
			children = (
				AA607F2F23FF96C100A5C15D /* flixster.app */,
				AA607F4323FF96C300A5C15D /* flixsterTests.xctest */,
				AA607F4E23FF96C400A5C15D /* flixsterUITests.xctest */,
			);
			name = Products;
			sourceTree = "<group>";
		};
		AA607F3123FF96C100A5C15D /* flixster */ = {
			isa = PBXGroup;
			children = (
				AA607F3223FF96C100A5C15D /* AppDelegate.swift */,
				AA607F3423FF96C100A5C15D /* ViewController.swift */,
				AA607F3623FF96C100A5C15D /* Main.storyboard */,
				AA607F3923FF96C300A5C15D /* Assets.xcassets */,
				AA607F3B23FF96C300A5C15D /* LaunchScreen.storyboard */,
				AA607F3E23FF96C300A5C15D /* Info.plist */,
			);
			path = flixster;
			sourceTree = "<group>";
		};
		AA607F4623FF96C300A5C15D /* flixsterTests */ = {
			isa = PBXGroup;
			children = (
				AA607F4723FF96C300A5C15D /* flixsterTests.swift */,
				AA607F4923FF96C300A5C15D /* Info.plist */,
			);
			path = flixsterTests;
			sourceTree = "<group>";
		};
		AA607F5123FF96C400A5C15D /* flixsterUITests */ = {
			isa = PBXGroup;
			children = (
				AA607F5223FF96C400A5C15D /* flixsterUITests.swift */,
				AA607F5423FF96C400A5C15D /* Info.plist */,
			);
			path = flixsterUITests;
			sourceTree = "<group>";
		};
/* End PBXGroup section */

/* Begin PBXNativeTarget section */
		AA607F2E23FF96C100A5C15D /* flixster */ = {
			isa = PBXNativeTarget;
			buildConfigurationList = AA607F5723FF96C400A5C15D /* Build configuration list for PBXNativeTarget "flixster" */;
			buildPhases = (
				AA607F2B23FF96C100A5C15D /* Sources */,
				AA607F2C23FF96C100A5C15D /* Frameworks */,
				AA607F2D23FF96C100A5C15D /* Resources */,
			);
			buildRules = (
			);
			dependencies = (
			);
			name = flixster;
			productName = flixster;
			productReference = AA607F2F23FF96C100A5C15D /* flixster.app */;
			productType = "com.apple.product-type.application";
		};
		AA607F4223FF96C300A5C15D /* flixsterTests */ = {
			isa = PBXNativeTarget;
			buildConfigurationList = AA607F5A23FF96C400A5C15D /* Build configuration list for PBXNativeTarget "flixsterTests" */;
			buildPhases = (
				AA607F3F23FF96C300A5C15D /* Sources */,
				AA607F4023FF96C300A5C15D /* Frameworks */,
				AA607F4123FF96C300A5C15D /* Resources */,
			);
			buildRules = (
			);
			dependencies = (
				AA607F4523FF96C300A5C15D /* PBXTargetDependency */,
			);
			name = flixsterTests;
			productName = flixsterTests;
			productReference = AA607F4323FF96C300A5C15D /* flixsterTests.xctest */;
			productType = "com.apple.product-type.bundle.unit-test";
		};
		AA607F4D23FF96C400A5C15D /* flixsterUITests */ = {
			isa = PBXNativeTarget;
			buildConfigurationList = AA607F5D23FF96C400A5C15D /* Build configuration list for PBXNativeTarget "flixsterUITests" */;
			buildPhases = (
				AA607F4A23FF96C400A5C15D /* Sources */,
				AA607F4B23FF96C400A5C15D /* Frameworks */,
				AA607F4C23FF96C400A5C15D /* Resources */,
			);
			buildRules = (
			);
			dependencies = (
				AA607F5023FF96C400A5C15D /* PBXTargetDependency */,
			);
			name = flixsterUITests;
			productName = flixsterUITests;
			productReference = AA607F4E23FF96C400A5C15D /* flixsterUITests.xctest */;
			productType = "com.apple.product-type.bundle.ui-testing";
		};
/* End PBXNativeTarget section */

/* Begin PBXProject section */
		AA607F2723FF96C100A5C15D /* Project object */ = {
			isa = PBXProject;
			attributes = {
				LastSwiftUpdateCheck = 1010;
				LastUpgradeCheck = 1010;
				ORGANIZATIONNAME = codepath;
				TargetAttributes = {
					AA607F2E23FF96C100A5C15D = {
						CreatedOnToolsVersion = 10.1;
					};
					AA607F4223FF96C300A5C15D = {
						CreatedOnToolsVersion = 10.1;
						TestTargetID = AA607F2E23FF96C100A5C15D;
					};
					AA607F4D23FF96C400A5C15D = {
						CreatedOnToolsVersion = 10.1;
						TestTargetID = AA607F2E23FF96C100A5C15D;
					};
				};
			};
			buildConfigurationList = AA607F2A23FF96C100A5C15D /* Build configuration list for PBXProject "flixster" */;
			compatibilityVersion = "Xcode 9.3";
			developmentRegion = en;
			hasScannedForEncodings = 0;
			knownRegions = (
				en,
				Base,
			);
			mainGroup = AA607F2623FF96C100A5C15D;
			productRefGroup = AA607F3023FF96C100A5C15D /* Products */;
			projectDirPath = "";
			projectRoot = "";
			targets = (
				AA607F2E23FF96C100A5C15D /* flixster */,
				AA607F4223FF96C300A5C15D /* flixsterTests */,
				AA607F4D23FF96C400A5C15D /* flixsterUITests */,
			);
		};
/* End PBXProject section */

/* Begin PBXResourcesBuildPhase section */
		AA607F2D23FF96C100A5C15D /* Resources */ = {
			isa = PBXResourcesBuildPhase;
			buildActionMask = 2147483647;
			files = (
				AA607F3D23FF96C300A5C15D /* LaunchScreen.storyboard in Resources */,
				AA607F3A23FF96C300A5C15D /* Assets.xcassets in Resources */,
				AA607F3823FF96C100A5C15D /* Main.storyboard in Resources */,
			);
			runOnlyForDeploymentPostprocessing = 0;
		};
		AA607F4123FF96C300A5C15D /* Resources */ = {
			isa = PBXResourcesBuildPhase;
			buildActionMask = 2147483647;
			files = (
			);
			runOnlyForDeploymentPostprocessing = 0;
		};
		AA607F4C23FF96C400A5C15D /* Resources */ = {
			isa = PBXResourcesBuildPhase;
			buildActionMask = 2147483647;
			files = (
			);
			runOnlyForDeploymentPostprocessing = 0;
		};
/* End PBXResourcesBuildPhase section */

/* Begin PBXSourcesBuildPhase section */
		AA607F2B23FF96C100A5C15D /* Sources */ = {
			isa = PBXSourcesBuildPhase;
			buildActionMask = 2147483647;
			files = (
				AA607F3523FF96C100A5C15D /* ViewController.swift in Sources */,
				AA607F3323FF96C100A5C15D /* AppDelegate.swift in Sources */,
			);
			runOnlyForDeploymentPostprocessing = 0;
		};
		AA607F3F23FF96C300A5C15D /* Sources */ = {
			isa = PBXSourcesBuildPhase;
			buildActionMask = 2147483647;
			files = (
				AA607F4823FF96C300A5C15D /* flixsterTests.swift in Sources */,
			);
			runOnlyForDeploymentPostprocessing = 0;
		};
		AA607F4A23FF96C400A5C15D /* Sources */ = {
			isa = PBXSourcesBuildPhase;
			buildActionMask = 2147483647;
			files = (
				AA607F5323FF96C400A5C15D /* flixsterUITests.swift in Sources */,
			);
			runOnlyForDeploymentPostprocessing = 0;
		};
/* End PBXSourcesBuildPhase section */

/* Begin PBXTargetDependency section */
		AA607F4523FF96C300A5C15D /* PBXTargetDependency */ = {
			isa = PBXTargetDependency;
			target = AA607F2E23FF96C100A5C15D /* flixster */;
			targetProxy = AA607F4423FF96C300A5C15D /* PBXContainerItemProxy */;
		};
		AA607F5023FF96C400A5C15D /* PBXTargetDependency */ = {
			isa = PBXTargetDependency;
			target = AA607F2E23FF96C100A5C15D /* flixster */;
			targetProxy = AA607F4F23FF96C400A5C15D /* PBXContainerItemProxy */;
		};
/* End PBXTargetDependency section */

/* Begin PBXVariantGroup section */
		AA607F3623FF96C100A5C15D /* Main.storyboard */ = {
			isa = PBXVariantGroup;
			children = (
				AA607F3723FF96C100A5C15D /* Base */,
			);
			name = Main.storyboard;
			sourceTree = "<group>";
		};
		AA607F3B23FF96C300A5C15D /* LaunchScreen.storyboard */ = {
			isa = PBXVariantGroup;
			children = (
				AA607F3C23FF96C300A5C15D /* Base */,
			);
			name = LaunchScreen.storyboard;
			sourceTree = "<group>";
		};
/* End PBXVariantGroup section */

/* Begin XCBuildConfiguration section */
		AA607F5523FF96C400A5C15D /* Debug */ = {
			isa = XCBuildConfiguration;
			buildSettings = {
				ALWAYS_SEARCH_USER_PATHS = NO;
				CLANG_ANALYZER_NONNULL = YES;
				CLANG_ANALYZER_NUMBER_OBJECT_CONVERSION = YES_AGGRESSIVE;
				CLANG_CXX_LANGUAGE_STANDARD = "gnu++14";
				CLANG_CXX_LIBRARY = "libc++";
				CLANG_ENABLE_MODULES = YES;
				CLANG_ENABLE_OBJC_ARC = YES;
				CLANG_ENABLE_OBJC_WEAK = YES;
				CLANG_WARN_BLOCK_CAPTURE_AUTORELEASING = YES;
				CLANG_WARN_BOOL_CONVERSION = YES;
				CLANG_WARN_COMMA = YES;
				CLANG_WARN_CONSTANT_CONVERSION = YES;
				CLANG_WARN_DEPRECATED_OBJC_IMPLEMENTATIONS = YES;
				CLANG_WARN_DIRECT_OBJC_ISA_USAGE = YES_ERROR;
				CLANG_WARN_DOCUMENTATION_COMMENTS = YES;
				CLANG_WARN_EMPTY_BODY = YES;
				CLANG_WARN_ENUM_CONVERSION = YES;
				CLANG_WARN_INFINITE_RECURSION = YES;
				CLANG_WARN_INT_CONVERSION = YES;
				CLANG_WARN_NON_LITERAL_NULL_CONVERSION = YES;
				CLANG_WARN_OBJC_IMPLICIT_RETAIN_SELF = YES;
				CLANG_WARN_OBJC_LITERAL_CONVERSION = YES;
				CLANG_WARN_OBJC_ROOT_CLASS = YES_ERROR;
				CLANG_WARN_RANGE_LOOP_ANALYSIS = YES;
				CLANG_WARN_STRICT_PROTOTYPES = YES;
				CLANG_WARN_SUSPICIOUS_MOVE = YES;
				CLANG_WARN_UNGUARDED_AVAILABILITY = YES_AGGRESSIVE;
				CLANG_WARN_UNREACHABLE_CODE = YES;
				CLANG_WARN__DUPLICATE_METHOD_MATCH = YES;
				CODE_SIGN_IDENTITY = "iPhone Developer";
				COPY_PHASE_STRIP = NO;
				DEBUG_INFORMATION_FORMAT = dwarf;
				ENABLE_STRICT_OBJC_MSGSEND = YES;
				ENABLE_TESTABILITY = YES;
				GCC_C_LANGUAGE_STANDARD = gnu11;
				GCC_DYNAMIC_NO_PIC = NO;
				GCC_NO_COMMON_BLOCKS = YES;
				GCC_OPTIMIZATION_LEVEL = 0;
				GCC_PREPROCESSOR_DEFINITIONS = (
					"DEBUG=1",
					"$(inherited)",
				);
				GCC_WARN_64_TO_32_BIT_CONVERSION = YES;
				GCC_WARN_ABOUT_RETURN_TYPE = YES_ERROR;
				GCC_WARN_UNDECLARED_SELECTOR = YES;
				GCC_WARN_UNINITIALIZED_AUTOS = YES_AGGRESSIVE;
				GCC_WARN_UNUSED_FUNCTION = YES;
				GCC_WARN_UNUSED_VARIABLE = YES;
				IPHONEOS_DEPLOYMENT_TARGET = 12.1;
				MTL_ENABLE_DEBUG_INFO = INCLUDE_SOURCE;
				MTL_FAST_MATH = YES;
				ONLY_ACTIVE_ARCH = YES;
				SDKROOT = iphoneos;
				SWIFT_ACTIVE_COMPILATION_CONDITIONS = DEBUG;
				SWIFT_OPTIMIZATION_LEVEL = "-Onone";
			};
			name = Debug;
		};
		AA607F5623FF96C400A5C15D /* Release */ = {
			isa = XCBuildConfiguration;
			buildSettings = {
				ALWAYS_SEARCH_USER_PATHS = NO;
				CLANG_ANALYZER_NONNULL = YES;
				CLANG_ANALYZER_NUMBER_OBJECT_CONVERSION = YES_AGGRESSIVE;
				CLANG_CXX_LANGUAGE_STANDARD = "gnu++14";
				CLANG_CXX_LIBRARY = "libc++";
				CLANG_ENABLE_MODULES = YES;
				CLANG_ENABLE_OBJC_ARC = YES;
				CLANG_ENABLE_OBJC_WEAK = YES;
				CLANG_WARN_BLOCK_CAPTURE_AUTORELEASING = YES;
				CLANG_WARN_BOOL_CONVERSION = YES;
				CLANG_WARN_COMMA = YES;
				CLANG_WARN_CONSTANT_CONVERSION = YES;
				CLANG_WARN_DEPRECATED_OBJC_IMPLEMENTATIONS = YES;
				CLANG_WARN_DIRECT_OBJC_ISA_USAGE = YES_ERROR;
				CLANG_WARN_DOCUMENTATION_COMMENTS = YES;
				CLANG_WARN_EMPTY_BODY = YES;
				CLANG_WARN_ENUM_CONVERSION = YES;
				CLANG_WARN_INFINITE_RECURSION = YES;
				CLANG_WARN_INT_CONVERSION = YES;
				CLANG_WARN_NON_LITERAL_NULL_CONVERSION = YES;
				CLANG_WARN_OBJC_IMPLICIT_RETAIN_SELF = YES;
				CLANG_WARN_OBJC_LITERAL_CONVERSION = YES;
				CLANG_WARN_OBJC_ROOT_CLASS = YES_ERROR;
				CLANG_WARN_RANGE_LOOP_ANALYSIS = YES;
				CLANG_WARN_STRICT_PROTOTYPES = YES;
				CLANG_WARN_SUSPICIOUS_MOVE = YES;
				CLANG_WARN_UNGUARDED_AVAILABILITY = YES_AGGRESSIVE;
				CLANG_WARN_UNREACHABLE_CODE = YES;
				CLANG_WARN__DUPLICATE_METHOD_MATCH = YES;
				CODE_SIGN_IDENTITY = "iPhone Developer";
				COPY_PHASE_STRIP = NO;
				DEBUG_INFORMATION_FORMAT = "dwarf-with-dsym";
				ENABLE_NS_ASSERTIONS = NO;
				ENABLE_STRICT_OBJC_MSGSEND = YES;
				GCC_C_LANGUAGE_STANDARD = gnu11;
				GCC_NO_COMMON_BLOCKS = YES;
				GCC_WARN_64_TO_32_BIT_CONVERSION = YES;
				GCC_WARN_ABOUT_RETURN_TYPE = YES_ERROR;
				GCC_WARN_UNDECLARED_SELECTOR = YES;
				GCC_WARN_UNINITIALIZED_AUTOS = YES_AGGRESSIVE;
				GCC_WARN_UNUSED_FUNCTION = YES;
				GCC_WARN_UNUSED_VARIABLE = YES;
				IPHONEOS_DEPLOYMENT_TARGET = 12.1;
				MTL_ENABLE_DEBUG_INFO = NO;
				MTL_FAST_MATH = YES;
				SDKROOT = iphoneos;
				SWIFT_COMPILATION_MODE = wholemodule;
				SWIFT_OPTIMIZATION_LEVEL = "-O";
				VALIDATE_PRODUCT = YES;
			};
			name = Release;
		};
		AA607F5823FF96C400A5C15D /* Debug */ = {
			isa = XCBuildConfiguration;
			buildSettings = {
				ASSETCATALOG_COMPILER_APPICON_NAME = AppIcon;
				CODE_SIGN_STYLE = Automatic;
				INFOPLIST_FILE = flixster/Info.plist;
				LD_RUNPATH_SEARCH_PATHS = (
					"$(inherited)",
					"@executable_path/Frameworks",
				);
				PRODUCT_BUNDLE_IDENTIFIER = com.codepath.flixster;
				PRODUCT_NAME = "$(TARGET_NAME)";
				SWIFT_VERSION = 4.2;
				TARGETED_DEVICE_FAMILY = "1,2";
			};
			name = Debug;
		};
		AA607F5923FF96C400A5C15D /* Release */ = {
			isa = XCBuildConfiguration;
			buildSettings = {
				ASSETCATALOG_COMPILER_APPICON_NAME = AppIcon;
				CODE_SIGN_STYLE = Automatic;
				INFOPLIST_FILE = flixster/Info.plist;
				LD_RUNPATH_SEARCH_PATHS = (
					"$(inherited)",
					"@executable_path/Frameworks",
				);
				PRODUCT_BUNDLE_IDENTIFIER = com.codepath.flixster;
				PRODUCT_NAME = "$(TARGET_NAME)";
				SWIFT_VERSION = 4.2;
				TARGETED_DEVICE_FAMILY = "1,2";
			};
			name = Release;
		};
		AA607F5B23FF96C400A5C15D /* Debug */ = {
			isa = XCBuildConfiguration;
			buildSettings = {
				ALWAYS_EMBED_SWIFT_STANDARD_LIBRARIES = YES;
				BUNDLE_LOADER = "$(TEST_HOST)";
				CODE_SIGN_STYLE = Automatic;
				INFOPLIST_FILE = flixsterTests/Info.plist;
				LD_RUNPATH_SEARCH_PATHS = (
					"$(inherited)",
					"@executable_path/Frameworks",
					"@loader_path/Frameworks",
				);
				PRODUCT_BUNDLE_IDENTIFIER = com.codepath.flixsterTests;
				PRODUCT_NAME = "$(TARGET_NAME)";
				SWIFT_VERSION = 4.2;
				TARGETED_DEVICE_FAMILY = "1,2";
				TEST_HOST = "$(BUILT_PRODUCTS_DIR)/flixster.app/flixster";
			};
			name = Debug;
		};
		AA607F5C23FF96C400A5C15D /* Release */ = {
			isa = XCBuildConfiguration;
			buildSettings = {
				ALWAYS_EMBED_SWIFT_STANDARD_LIBRARIES = YES;
				BUNDLE_LOADER = "$(TEST_HOST)";
				CODE_SIGN_STYLE = Automatic;
				INFOPLIST_FILE = flixsterTests/Info.plist;
				LD_RUNPATH_SEARCH_PATHS = (
					"$(inherited)",
					"@executable_path/Frameworks",
					"@loader_path/Frameworks",
				);
				PRODUCT_BUNDLE_IDENTIFIER = com.codepath.flixsterTests;
				PRODUCT_NAME = "$(TARGET_NAME)";
				SWIFT_VERSION = 4.2;
				TARGETED_DEVICE_FAMILY = "1,2";
				TEST_HOST = "$(BUILT_PRODUCTS_DIR)/flixster.app/flixster";
			};
			name = Release;
		};
		AA607F5E23FF96C400A5C15D /* Debug */ = {
			isa = XCBuildConfiguration;
			buildSettings = {
				ALWAYS_EMBED_SWIFT_STANDARD_LIBRARIES = YES;
				CODE_SIGN_STYLE = Automatic;
				INFOPLIST_FILE = flixsterUITests/Info.plist;
				LD_RUNPATH_SEARCH_PATHS = (
					"$(inherited)",
					"@executable_path/Frameworks",
					"@loader_path/Frameworks",
				);
				PRODUCT_BUNDLE_IDENTIFIER = com.codepath.flixsterUITests;
				PRODUCT_NAME = "$(TARGET_NAME)";
				SWIFT_VERSION = 4.2;
				TARGETED_DEVICE_FAMILY = "1,2";
				TEST_TARGET_NAME = flixster;
			};
			name = Debug;
		};
		AA607F5F23FF96C400A5C15D /* Release */ = {
			isa = XCBuildConfiguration;
			buildSettings = {
				ALWAYS_EMBED_SWIFT_STANDARD_LIBRARIES = YES;
				CODE_SIGN_STYLE = Automatic;
				INFOPLIST_FILE = flixsterUITests/Info.plist;
				LD_RUNPATH_SEARCH_PATHS = (
					"$(inherited)",
					"@executable_path/Frameworks",
					"@loader_path/Frameworks",
				);
				PRODUCT_BUNDLE_IDENTIFIER = com.codepath.flixsterUITests;
				PRODUCT_NAME = "$(TARGET_NAME)";
				SWIFT_VERSION = 4.2;
				TARGETED_DEVICE_FAMILY = "1,2";
				TEST_TARGET_NAME = flixster;
			};
			name = Release;
		};
/* End XCBuildConfiguration section */

/* Begin XCConfigurationList section */
		AA607F2A23FF96C100A5C15D /* Build configuration list for PBXProject "flixster" */ = {
			isa = XCConfigurationList;
			buildConfigurations = (
				AA607F5523FF96C400A5C15D /* Debug */,
				AA607F5623FF96C400A5C15D /* Release */,
			);
			defaultConfigurationIsVisible = 0;
			defaultConfigurationName = Release;
		};
		AA607F5723FF96C400A5C15D /* Build configuration list for PBXNativeTarget "flixster" */ = {
			isa = XCConfigurationList;
			buildConfigurations = (
				AA607F5823FF96C400A5C15D /* Debug */,
				AA607F5923FF96C400A5C15D /* Release */,
			);
			defaultConfigurationIsVisible = 0;
			defaultConfigurationName = Release;
		};
		AA607F5A23FF96C400A5C15D /* Build configuration list for PBXNativeTarget "flixsterTests" */ = {
			isa = XCConfigurationList;
			buildConfigurations = (
				AA607F5B23FF96C400A5C15D /* Debug */,
				AA607F5C23FF96C400A5C15D /* Release */,
			);
			defaultConfigurationIsVisible = 0;
			defaultConfigurationName = Release;
		};
		AA607F5D23FF96C400A5C15D /* Build configuration list for PBXNativeTarget "flixsterUITests" */ = {
			isa = XCConfigurationList;
			buildConfigurations = (
				AA607F5E23FF96C400A5C15D /* Debug */,
				AA607F5F23FF96C400A5C15D /* Release */,
			);
			defaultConfigurationIsVisible = 0;
			defaultConfigurationName = Release;
		};
/* End XCConfigurationList section */
	};
	rootObject = AA607F2723FF96C100A5C15D /* Project object */;
}
